
Microsoft Visual Studio Solution File, Format Version 12.00
# Visual Studio Version 17
VisualStudioVersion = 17.2.32519.379
MinimumVisualStudioVersion = 10.0.40219.1
Project("{FAE04EC0-301F-11D3-BF4B-00C04F79EFBC}") = "PersonasAPI", "PersonasAPI\PersonasAPI.csproj", "{D2226F5E-DC32-4FC2-9516-FE50A2DE6C19}"
EndProject
Global
	GlobalSection(SolutionConfigurationPlatforms) = preSolution
		Debug|Any CPU = Debug|Any CPU
		Release|Any CPU = Release|Any CPU
	EndGlobalSection
	GlobalSection(ProjectConfigurationPlatforms) = postSolution
		{D2226F5E-DC32-4FC2-9516-FE50A2DE6C19}.Debug|Any CPU.ActiveCfg = Debug|Any CPU
		{D2226F5E-DC32-4FC2-9516-FE50A2DE6C19}.Debug|Any CPU.Build.0 = Debug|Any CPU
		{D2226F5E-DC32-4FC2-9516-FE50A2DE6C19}.Release|Any CPU.ActiveCfg = Release|Any CPU
		{D2226F5E-DC32-4FC2-9516-FE50A2DE6C19}.Release|Any CPU.Build.0 = Release|Any CPU
	EndGlobalSection
	GlobalSection(SolutionProperties) = preSolution
		HideSolutionNode = FALSE
	EndGlobalSection
	GlobalSection(ExtensibilityGlobals) = postSolution
		SolutionGuid = {D7958F20-E75C-4AE3-B5AB-1AA2A9ABC459}
	EndGlobalSection
EndGlobal
